
Microsoft Visual Studio Solution File, Format Version 12.00
# Visual Studio Version 17
VisualStudioVersion = 17.7.34031.279
MinimumVisualStudioVersion = 10.0.40219.1
Project("{FAE04EC0-301F-11D3-BF4B-00C04F79EFBC}") = "snake1", "snake1\snake1.csproj", "{B410F887-9AB2-42DF-AE48-76C3AC9F09A7}"
EndProject
Global
	GlobalSection(SolutionConfigurationPlatforms) = preSolution
		Debug|Any CPU = Debug|Any CPU
		Release|Any CPU = Release|Any CPU
	EndGlobalSection
	GlobalSection(ProjectConfigurationPlatforms) = postSolution
		{B410F887-9AB2-42DF-AE48-76C3AC9F09A7}.Debug|Any CPU.ActiveCfg = Debug|Any CPU
		{B410F887-9AB2-42DF-AE48-76C3AC9F09A7}.Debug|Any CPU.Build.0 = Debug|Any CPU
		{B410F887-9AB2-42DF-AE48-76C3AC9F09A7}.Release|Any CPU.ActiveCfg = Release|Any CPU
		{B410F887-9AB2-42DF-AE48-76C3AC9F09A7}.Release|Any CPU.Build.0 = Release|Any CPU
	EndGlobalSection
	GlobalSection(SolutionProperties) = preSolution
		HideSolutionNode = FALSE
	EndGlobalSection
	GlobalSection(ExtensibilityGlobals) = postSolution
		SolutionGuid = {2F8AF6D8-D44D-43BE-81EF-AA071AC7DA08}
	EndGlobalSection
EndGlobal
